
Microsoft Visual Studio Solution File, Format Version 12.00
# Visual Studio 15
Project("{FAE04EC0-301F-11D3-BF4B-00C04F79EFBC}") = "Assembly-CSharp-Editor", "Assembly-CSharp-Editor.csproj", "{C80BB6B0-5511-C04B-9D23-2C3D32F4EFBD}"
EndProject
Project("{FAE04EC0-301F-11D3-BF4B-00C04F79EFBC}") = "Assembly-CSharp", "Assembly-CSharp.csproj", "{4C4ED766-51EF-846A-04D3-4D75AE861106}"
EndProject
Global
	GlobalSection(SolutionConfigurationPlatforms) = preSolution
		Debug|Any CPU = Debug|Any CPU
		Release|Any CPU = Release|Any CPU
	EndGlobalSection
	GlobalSection(ProjectConfigurationPlatforms) = postSolution
		{C80BB6B0-5511-C04B-9D23-2C3D32F4EFBD}.Debug|Any CPU.ActiveCfg = Debug|Any CPU
		{C80BB6B0-5511-C04B-9D23-2C3D32F4EFBD}.Debug|Any CPU.Build.0 = Debug|Any CPU
		{C80BB6B0-5511-C04B-9D23-2C3D32F4EFBD}.Release|Any CPU.ActiveCfg = Release|Any CPU
		{C80BB6B0-5511-C04B-9D23-2C3D32F4EFBD}.Release|Any CPU.Build.0 = Release|Any CPU
		{4C4ED766-51EF-846A-04D3-4D75AE861106}.Debug|Any CPU.ActiveCfg = Debug|Any CPU
		{4C4ED766-51EF-846A-04D3-4D75AE861106}.Debug|Any CPU.Build.0 = Debug|Any CPU
		{4C4ED766-51EF-846A-04D3-4D75AE861106}.Release|Any CPU.ActiveCfg = Release|Any CPU
		{4C4ED766-51EF-846A-04D3-4D75AE861106}.Release|Any CPU.Build.0 = Release|Any CPU
	EndGlobalSection
	GlobalSection(SolutionProperties) = preSolution
		HideSolutionNode = FALSE
	EndGlobalSection
EndGlobal
